
Microsoft Visual Studio Solution File, Format Version 12.00
# Visual Studio Version 16
VisualStudioVersion = 16.0.31105.61
MinimumVisualStudioVersion = 10.0.40219.1
Project("{FAE04EC0-301F-11D3-BF4B-00C04F79EFBC}") = "MVCEF", "MVCEF\MVCEF.csproj", "{A724643F-03D2-4F16-A983-8C416FF2F5D8}"
EndProject
Global
	GlobalSection(SolutionConfigurationPlatforms) = preSolution
		Debug|Any CPU = Debug|Any CPU
		Release|Any CPU = Release|Any CPU
	EndGlobalSection
	GlobalSection(ProjectConfigurationPlatforms) = postSolution
		{A724643F-03D2-4F16-A983-8C416FF2F5D8}.Debug|Any CPU.ActiveCfg = Debug|Any CPU
		{A724643F-03D2-4F16-A983-8C416FF2F5D8}.Debug|Any CPU.Build.0 = Debug|Any CPU
		{A724643F-03D2-4F16-A983-8C416FF2F5D8}.Release|Any CPU.ActiveCfg = Release|Any CPU
		{A724643F-03D2-4F16-A983-8C416FF2F5D8}.Release|Any CPU.Build.0 = Release|Any CPU
	EndGlobalSection
	GlobalSection(SolutionProperties) = preSolution
		HideSolutionNode = FALSE
	EndGlobalSection
	GlobalSection(ExtensibilityGlobals) = postSolution
		SolutionGuid = {2E83BF99-65A7-438F-B9CA-402ACA55F2B5}
	EndGlobalSection
EndGlobal
